
Microsoft Visual Studio Solution File, Format Version 12.00
# Visual Studio 14
VisualStudioVersion = 14.0.22823.1
MinimumVisualStudioVersion = 10.0.40219.1
Project("{FAE04EC0-301F-11D3-BF4B-00C04F79EFBC}") = "Client", "source\client\Client.csproj", "{B5131FFF-A574-479B-AB9D-E84FC080A5FC}"
EndProject
Project("{FAE04EC0-301F-11D3-BF4B-00C04F79EFBC}") = "Server", "source\server - stealth\Server.csproj", "{13DDEB5E-0BCC-4BF4-8C34-6475B5B0AC9C}"
EndProject
Global
	GlobalSection(SolutionConfigurationPlatforms) = preSolution
		Debug|Any CPU = Debug|Any CPU
		Debug|Mixed Platforms = Debug|Mixed Platforms
		Debug|x86 = Debug|x86
		Release|Any CPU = Release|Any CPU
		Release|Mixed Platforms = Release|Mixed Platforms
		Release|x86 = Release|x86
	EndGlobalSection
	GlobalSection(ProjectConfigurationPlatforms) = postSolution
		{B5131FFF-A574-479B-AB9D-E84FC080A5FC}.Debug|Any CPU.ActiveCfg = Debug|x86
		{B5131FFF-A574-479B-AB9D-E84FC080A5FC}.Debug|Mixed Platforms.ActiveCfg = Debug|x86
		{B5131FFF-A574-479B-AB9D-E84FC080A5FC}.Debug|Mixed Platforms.Build.0 = Debug|x86
		{B5131FFF-A574-479B-AB9D-E84FC080A5FC}.Debug|x86.ActiveCfg = Debug|x86
		{B5131FFF-A574-479B-AB9D-E84FC080A5FC}.Debug|x86.Build.0 = Debug|x86
		{B5131FFF-A574-479B-AB9D-E84FC080A5FC}.Release|Any CPU.ActiveCfg = Release|x86
		{B5131FFF-A574-479B-AB9D-E84FC080A5FC}.Release|Mixed Platforms.ActiveCfg = Release|x86
		{B5131FFF-A574-479B-AB9D-E84FC080A5FC}.Release|Mixed Platforms.Build.0 = Release|x86
		{B5131FFF-A574-479B-AB9D-E84FC080A5FC}.Release|x86.ActiveCfg = Release|x86
		{B5131FFF-A574-479B-AB9D-E84FC080A5FC}.Release|x86.Build.0 = Release|x86
		{13DDEB5E-0BCC-4BF4-8C34-6475B5B0AC9C}.Debug|Any CPU.ActiveCfg = Debug|Any CPU
		{13DDEB5E-0BCC-4BF4-8C34-6475B5B0AC9C}.Debug|Any CPU.Build.0 = Debug|Any CPU
		{13DDEB5E-0BCC-4BF4-8C34-6475B5B0AC9C}.Debug|Mixed Platforms.ActiveCfg = Debug|Any CPU
		{13DDEB5E-0BCC-4BF4-8C34-6475B5B0AC9C}.Debug|Mixed Platforms.Build.0 = Debug|Any CPU
		{13DDEB5E-0BCC-4BF4-8C34-6475B5B0AC9C}.Debug|x86.ActiveCfg = Debug|Any CPU
		{13DDEB5E-0BCC-4BF4-8C34-6475B5B0AC9C}.Release|Any CPU.ActiveCfg = Release|Any CPU
		{13DDEB5E-0BCC-4BF4-8C34-6475B5B0AC9C}.Release|Any CPU.Build.0 = Release|Any CPU
		{13DDEB5E-0BCC-4BF4-8C34-6475B5B0AC9C}.Release|Mixed Platforms.ActiveCfg = Release|Any CPU
		{13DDEB5E-0BCC-4BF4-8C34-6475B5B0AC9C}.Release|Mixed Platforms.Build.0 = Release|Any CPU
		{13DDEB5E-0BCC-4BF4-8C34-6475B5B0AC9C}.Release|x86.ActiveCfg = Release|Any CPU
	EndGlobalSection
	GlobalSection(SolutionProperties) = preSolution
		HideSolutionNode = FALSE
	EndGlobalSection
EndGlobal
